
Microsoft Visual Studio Solution File, Format Version 12.00
# Visual Studio Version 16
VisualStudioVersion = 16.0.31605.320
MinimumVisualStudioVersion = 10.0.40219.1
Project("{FAE04EC0-301F-11D3-BF4B-00C04F79EFBC}") = "Client", "Client.csproj", "{CDCCBE68-22FE-458B-9E4C-FB46C65709F8}"
EndProject
Global
	GlobalSection(SolutionConfigurationPlatforms) = preSolution
		Debug|Any CPU = Debug|Any CPU
		Release|Any CPU = Release|Any CPU
	EndGlobalSection
	GlobalSection(ProjectConfigurationPlatforms) = postSolution
		{CDCCBE68-22FE-458B-9E4C-FB46C65709F8}.Debug|Any CPU.ActiveCfg = Debug|Any CPU
		{CDCCBE68-22FE-458B-9E4C-FB46C65709F8}.Debug|Any CPU.Build.0 = Debug|Any CPU
		{CDCCBE68-22FE-458B-9E4C-FB46C65709F8}.Release|Any CPU.ActiveCfg = Release|Any CPU
		{CDCCBE68-22FE-458B-9E4C-FB46C65709F8}.Release|Any CPU.Build.0 = Release|Any CPU
	EndGlobalSection
	GlobalSection(SolutionProperties) = preSolution
		HideSolutionNode = FALSE
	EndGlobalSection
	GlobalSection(ExtensibilityGlobals) = postSolution
		SolutionGuid = {F72344ED-2B9E-4977-8A39-502B8B89D714}
	EndGlobalSection
EndGlobal
